
Microsoft Visual Studio Solution File, Format Version 11.00
# Visual Studio 2010
Project("{8BC9CEB8-8B4A-11D0-8D11-00A0C91BC942}") = "libcjson", "libcjson\libcjson.vcxproj", "{DFE3FC96-E930-4EC2-836F-6B52555C2721}"
EndProject
Global
	GlobalSection(SolutionConfigurationPlatforms) = preSolution
		Debug|Win32 = Debug|Win32
		Release|Win32 = Release|Win32
	EndGlobalSection
	GlobalSection(ProjectConfigurationPlatforms) = postSolution
		{DFE3FC96-E930-4EC2-836F-6B52555C2721}.Debug|Win32.ActiveCfg = Debug|Win32
		{DFE3FC96-E930-4EC2-836F-6B52555C2721}.Debug|Win32.Build.0 = Debug|Win32
		{DFE3FC96-E930-4EC2-836F-6B52555C2721}.Release|Win32.ActiveCfg = Release|Win32
		{DFE3FC96-E930-4EC2-836F-6B52555C2721}.Release|Win32.Build.0 = Release|Win32
	EndGlobalSection
	GlobalSection(SolutionProperties) = preSolution
		HideSolutionNode = FALSE
	EndGlobalSection
EndGlobal
